
Microsoft Visual Studio Solution File, Format Version 12.00
# Visual Studio 14
VisualStudioVersion = 14.0.23107.0
MinimumVisualStudioVersion = 10.0.40219.1
Project("{FAE04EC0-301F-11D3-BF4B-00C04F79EFBC}") = "01.LetterCreator", "01.LetterCreator\01.LetterCreator.csproj", "{39205EEA-C9F8-4934-A197-7060D512FD5E}"
EndProject
Project("{FAE04EC0-301F-11D3-BF4B-00C04F79EFBC}") = "02.UpperCaseCharsAtEvenPositions", "02.UpperCaseCharsAtEvenPositions\02.UpperCaseCharsAtEvenPositions.csproj", "{E173045C-4E4B-40A3-86A7-ADE7079361A6}"
EndProject
Global
	GlobalSection(SolutionConfigurationPlatforms) = preSolution
		Debug|Any CPU = Debug|Any CPU
		Release|Any CPU = Release|Any CPU
	EndGlobalSection
	GlobalSection(ProjectConfigurationPlatforms) = postSolution
		{39205EEA-C9F8-4934-A197-7060D512FD5E}.Debug|Any CPU.ActiveCfg = Debug|Any CPU
		{39205EEA-C9F8-4934-A197-7060D512FD5E}.Debug|Any CPU.Build.0 = Debug|Any CPU
		{39205EEA-C9F8-4934-A197-7060D512FD5E}.Release|Any CPU.ActiveCfg = Release|Any CPU
		{39205EEA-C9F8-4934-A197-7060D512FD5E}.Release|Any CPU.Build.0 = Release|Any CPU
		{E173045C-4E4B-40A3-86A7-ADE7079361A6}.Debug|Any CPU.ActiveCfg = Debug|Any CPU
		{E173045C-4E4B-40A3-86A7-ADE7079361A6}.Debug|Any CPU.Build.0 = Debug|Any CPU
		{E173045C-4E4B-40A3-86A7-ADE7079361A6}.Release|Any CPU.ActiveCfg = Release|Any CPU
		{E173045C-4E4B-40A3-86A7-ADE7079361A6}.Release|Any CPU.Build.0 = Release|Any CPU
	EndGlobalSection
	GlobalSection(SolutionProperties) = preSolution
		HideSolutionNode = FALSE
	EndGlobalSection
EndGlobal
